// !$*UTF8*$!
{
	archiveVersion = 1;
	classes = {
	};
	objectVersion = 46;
	objects = {

/* Begin PBXBuildFile section */
		BF5060D91EE81B9E00DB646F /* AppDelegate.swift in Sources */ = {isa = PBXBuildFile; fileRef = BF5060D81EE81B9E00DB646F /* AppDelegate.swift */; };
		BF5060DB1EE81B9E00DB646F /* ViewController.swift in Sources */ = {isa = PBXBuildFile; fileRef = BF5060DA1EE81B9E00DB646F /* ViewController.swift */; };
		BF5060DE1EE81B9E00DB646F /* Main.storyboard in Resources */ = {isa = PBXBuildFile; fileRef = BF5060DC1EE81B9E00DB646F /* Main.storyboard */; };
		BF5060E01EE81B9E00DB646F /* Assets.xcassets in Resources */ = {isa = PBXBuildFile; fileRef = BF5060DF1EE81B9E00DB646F /* Assets.xcassets */; };
		BF5060E31EE81B9E00DB646F /* LaunchScreen.storyboard in Resources */ = {isa = PBXBuildFile; fileRef = BF5060E11EE81B9E00DB646F /* LaunchScreen.storyboard */; };
/* End PBXBuildFile section */

/* Begin PBXFileReference section */
		BF5060D51EE81B9E00DB646F /* mammafoodie.app */ = {isa = PBXFileReference; explicitFileType = wrapper.application; includeInIndex = 0; path = mammafoodie.app; sourceTree = BUILT_PRODUCTS_DIR; };
		BF5060D81EE81B9E00DB646F /* AppDelegate.swift */ = {isa = PBXFileReference; lastKnownFileType = sourcecode.swift; path = AppDelegate.swift; sourceTree = "<group>"; };
		BF5060DA1EE81B9E00DB646F /* ViewController.swift */ = {isa = PBXFileReference; lastKnownFileType = sourcecode.swift; path = ViewController.swift; sourceTree = "<group>"; };
		BF5060DD1EE81B9E00DB646F /* Base */ = {isa = PBXFileReference; lastKnownFileType = file.storyboard; name = Base; path = Base.lproj/Main.storyboard; sourceTree = "<group>"; };
		BF5060DF1EE81B9E00DB646F /* Assets.xcassets */ = {isa = PBXFileReference; lastKnownFileType = folder.assetcatalog; path = Assets.xcassets; sourceTree = "<group>"; };
		BF5060E21EE81B9E00DB646F /* Base */ = {isa = PBXFileReference; lastKnownFileType = file.storyboard; name = Base; path = Base.lproj/LaunchScreen.storyboard; sourceTree = "<group>"; };
		BF5060E41EE81B9E00DB646F /* Info.plist */ = {isa = PBXFileReference; lastKnownFileType = text.plist.xml; path = Info.plist; sourceTree = "<group>"; };
/* End PBXFileReference section */

/* Begin PBXFrameworksBuildPhase section */
		BF5060D21EE81B9E00DB646F /* Frameworks */ = {
			isa = PBXFrameworksBuildPhase;
			buildActionMask = 2147483647;
			files = (
			);
			runOnlyForDeploymentPostprocessing = 0;
		};
/* End PBXFrameworksBuildPhase section */

/* Begin PBXGroup section */
		BF5060CC1EE81B9E00DB646F = {
			isa = PBXGroup;
			children = (
				BF5060D71EE81B9E00DB646F /* mammafoodie */,
				BF5060D61EE81B9E00DB646F /* Products */,
			);
			sourceTree = "<group>";
		};
		BF5060D61EE81B9E00DB646F /* Products */ = {
			isa = PBXGroup;
			children = (
				BF5060D51EE81B9E00DB646F /* mammafoodie.app */,
			);
			name = Products;
			sourceTree = "<group>";
		};
		BF5060D71EE81B9E00DB646F /* mammafoodie */ = {
			isa = PBXGroup;
			children = (
				BF5060D81EE81B9E00DB646F /* AppDelegate.swift */,
				BF5060DA1EE81B9E00DB646F /* ViewController.swift */,
				BF5060DC1EE81B9E00DB646F /* Main.storyboard */,
				BF5060DF1EE81B9E00DB646F /* Assets.xcassets */,
				BF5060E11EE81B9E00DB646F /* LaunchScreen.storyboard */,
				BF5060E41EE81B9E00DB646F /* Info.plist */,
			);
			path = mammafoodie;
			sourceTree = "<group>";
		};
/* End PBXGroup section */

/* Begin PBXNativeTarget section */
		BF5060D41EE81B9E00DB646F /* mammafoodie */ = {
			isa = PBXNativeTarget;
			buildConfigurationList = BF5060E71EE81B9E00DB646F /* Build configuration list for PBXNativeTarget "mammafoodie" */;
			buildPhases = (
				BF5060D11EE81B9E00DB646F /* Sources */,
				BF5060D21EE81B9E00DB646F /* Frameworks */,
				BF5060D31EE81B9E00DB646F /* Resources */,
			);
			buildRules = (
			);
			dependencies = (
			);
			name = mammafoodie;
			productName = mammafoodie;
			productReference = BF5060D51EE81B9E00DB646F /* mammafoodie.app */;
			productType = "com.apple.product-type.application";
		};
/* End PBXNativeTarget section */

/* Begin PBXProject section */
		BF5060CD1EE81B9E00DB646F /* Project object */ = {
			isa = PBXProject;
			attributes = {
				LastSwiftUpdateCheck = 0830;
				LastUpgradeCheck = 0830;
				ORGANIZATIONNAME = "Zain Nadeem";
				TargetAttributes = {
					BF5060D41EE81B9E00DB646F = {
						CreatedOnToolsVersion = 8.3.1;
						ProvisioningStyle = Automatic;
					};
				};
			};
			buildConfigurationList = BF5060D01EE81B9E00DB646F /* Build configuration list for PBXProject "mammafoodie" */;
			compatibilityVersion = "Xcode 3.2";
			developmentRegion = English;
			hasScannedForEncodings = 0;
			knownRegions = (
				en,
				Base,
			);
			mainGroup = BF5060CC1EE81B9E00DB646F;
			productRefGroup = BF5060D61EE81B9E00DB646F /* Products */;
			projectDirPath = "";
			projectRoot = "";
			targets = (
				BF5060D41EE81B9E00DB646F /* mammafoodie */,
			);
		};
/* End PBXProject section */

/* Begin PBXResourcesBuildPhase section */
		BF5060D31EE81B9E00DB646F /* Resources */ = {
			isa = PBXResourcesBuildPhase;
			buildActionMask = 2147483647;
			files = (
				BF5060E31EE81B9E00DB646F /* LaunchScreen.storyboard in Resources */,
				BF5060E01EE81B9E00DB646F /* Assets.xcassets in Resources */,
				BF5060DE1EE81B9E00DB646F /* Main.storyboard in Resources */,
			);
			runOnlyForDeploymentPostprocessing = 0;
		};
/* End PBXResourcesBuildPhase section */

/* Begin PBXSourcesBuildPhase section */
		BF5060D11EE81B9E00DB646F /* Sources */ = {
			isa = PBXSourcesBuildPhase;
			buildActionMask = 2147483647;
			files = (
				BF5060DB1EE81B9E00DB646F /* ViewController.swift in Sources */,
				BF5060D91EE81B9E00DB646F /* AppDelegate.swift in Sources */,
			);
			runOnlyForDeploymentPostprocessing = 0;
		};
/* End PBXSourcesBuildPhase section */

/* Begin PBXVariantGroup section */
		BF5060DC1EE81B9E00DB646F /* Main.storyboard */ = {
			isa = PBXVariantGroup;
			children = (
				BF5060DD1EE81B9E00DB646F /* Base */,
			);
			name = Main.storyboard;
			sourceTree = "<group>";
		};
		BF5060E11EE81B9E00DB646F /* LaunchScreen.storyboard */ = {
			isa = PBXVariantGroup;
			children = (
				BF5060E21EE81B9E00DB646F /* Base */,
			);
			name = LaunchScreen.storyboard;
			sourceTree = "<group>";
		};
/* End PBXVariantGroup section */

/* Begin XCBuildConfiguration section */
		BF5060E51EE81B9E00DB646F /* Debug */ = {
			isa = XCBuildConfiguration;
			buildSettings = {
				ALWAYS_SEARCH_USER_PATHS = NO;
				CLANG_ANALYZER_NONNULL = YES;
				CLANG_ANALYZER_NUMBER_OBJECT_CONVERSION = YES_AGGRESSIVE;
				CLANG_CXX_LANGUAGE_STANDARD = "gnu++0x";
				CLANG_CXX_LIBRARY = "libc++";
				CLANG_ENABLE_MODULES = YES;
				CLANG_ENABLE_OBJC_ARC = YES;
				CLANG_WARN_BOOL_CONVERSION = YES;
				CLANG_WARN_CONSTANT_CONVERSION = YES;
				CLANG_WARN_DIRECT_OBJC_ISA_USAGE = YES_ERROR;
				CLANG_WARN_DOCUMENTATION_COMMENTS = YES;
				CLANG_WARN_EMPTY_BODY = YES;
				CLANG_WARN_ENUM_CONVERSION = YES;
				CLANG_WARN_INFINITE_RECURSION = YES;
				CLANG_WARN_INT_CONVERSION = YES;
				CLANG_WARN_OBJC_ROOT_CLASS = YES_ERROR;
				CLANG_WARN_SUSPICIOUS_MOVE = YES;
				CLANG_WARN_UNREACHABLE_CODE = YES;
				CLANG_WARN__DUPLICATE_METHOD_MATCH = YES;
				"CODE_SIGN_IDENTITY[sdk=iphoneos*]" = "iPhone Developer";
				COPY_PHASE_STRIP = NO;
				DEBUG_INFORMATION_FORMAT = dwarf;
				ENABLE_STRICT_OBJC_MSGSEND = YES;
				ENABLE_TESTABILITY = YES;
				GCC_C_LANGUAGE_STANDARD = gnu99;
				GCC_DYNAMIC_NO_PIC = NO;
				GCC_NO_COMMON_BLOCKS = YES;
				GCC_OPTIMIZATION_LEVEL = 0;
				GCC_PREPROCESSOR_DEFINITIONS = (
					"DEBUG=1",
					"$(inherited)",
				);
				GCC_WARN_64_TO_32_BIT_CONVERSION = YES;
				GCC_WARN_ABOUT_RETURN_TYPE = YES_ERROR;
				GCC_WARN_UNDECLARED_SELECTOR = YES;
				GCC_WARN_UNINITIALIZED_AUTOS = YES_AGGRESSIVE;
				GCC_WARN_UNUSED_FUNCTION = YES;
				GCC_WARN_UNUSED_VARIABLE = YES;
				IPHONEOS_DEPLOYMENT_TARGET = 10.3;
				MTL_ENABLE_DEBUG_INFO = YES;
				ONLY_ACTIVE_ARCH = YES;
				SDKROOT = iphoneos;
				SWIFT_ACTIVE_COMPILATION_CONDITIONS = DEBUG;
				SWIFT_OPTIMIZATION_LEVEL = "-Onone";
			};
			name = Debug;
		};
		BF5060E61EE81B9E00DB646F /* Release */ = {
			isa = XCBuildConfiguration;
			buildSettings = {
				ALWAYS_SEARCH_USER_PATHS = NO;
				CLANG_ANALYZER_NONNULL = YES;
				CLANG_ANALYZER_NUMBER_OBJECT_CONVERSION = YES_AGGRESSIVE;
				CLANG_CXX_LANGUAGE_STANDARD = "gnu++0x";
				CLANG_CXX_LIBRARY = "libc++";
				CLANG_ENABLE_MODULES = YES;
				CLANG_ENABLE_OBJC_ARC = YES;
				CLANG_WARN_BOOL_CONVERSION = YES;
				CLANG_WARN_CONSTANT_CONVERSION = YES;
				CLANG_WARN_DIRECT_OBJC_ISA_USAGE = YES_ERROR;
				CLANG_WARN_DOCUMENTATION_COMMENTS = YES;
				CLANG_WARN_EMPTY_BODY = YES;
				CLANG_WARN_ENUM_CONVERSION = YES;
				CLANG_WARN_INFINITE_RECURSION = YES;
				CLANG_WARN_INT_CONVERSION = YES;
				CLANG_WARN_OBJC_ROOT_CLASS = YES_ERROR;
				CLANG_WARN_SUSPICIOUS_MOVE = YES;
				CLANG_WARN_UNREACHABLE_CODE = YES;
				CLANG_WARN__DUPLICATE_METHOD_MATCH = YES;
				"CODE_SIGN_IDENTITY[sdk=iphoneos*]" = "iPhone Developer";
				COPY_PHASE_STRIP = NO;
				DEBUG_INFORMATION_FORMAT = "dwarf-with-dsym";
				ENABLE_NS_ASSERTIONS = NO;
				ENABLE_STRICT_OBJC_MSGSEND = YES;
				GCC_C_LANGUAGE_STANDARD = gnu99;
				GCC_NO_COMMON_BLOCKS = YES;
				GCC_WARN_64_TO_32_BIT_CONVERSION = YES;
				GCC_WARN_ABOUT_RETURN_TYPE = YES_ERROR;
				GCC_WARN_UNDECLARED_SELECTOR = YES;
				GCC_WARN_UNINITIALIZED_AUTOS = YES_AGGRESSIVE;
				GCC_WARN_UNUSED_FUNCTION = YES;
				GCC_WARN_UNUSED_VARIABLE = YES;
				IPHONEOS_DEPLOYMENT_TARGET = 10.3;
				MTL_ENABLE_DEBUG_INFO = NO;
				SDKROOT = iphoneos;
				SWIFT_OPTIMIZATION_LEVEL = "-Owholemodule";
				VALIDATE_PRODUCT = YES;
			};
			name = Release;
		};
		BF5060E81EE81B9E00DB646F /* Debug */ = {
			isa = XCBuildConfiguration;
			buildSettings = {
				ASSETCATALOG_COMPILER_APPICON_NAME = AppIcon;
				INFOPLIST_FILE = mammafoodie/Info.plist;
				LD_RUNPATH_SEARCH_PATHS = "$(inherited) @executable_path/Frameworks";
				PRODUCT_BUNDLE_IDENTIFIER = Zain.Developer.mammafoodie;
				PRODUCT_NAME = "$(TARGET_NAME)";
				SWIFT_VERSION = 3.0;
			};
			name = Debug;
		};
		BF5060E91EE81B9E00DB646F /* Release */ = {
			isa = XCBuildConfiguration;
			buildSettings = {
				ASSETCATALOG_COMPILER_APPICON_NAME = AppIcon;
				INFOPLIST_FILE = mammafoodie/Info.plist;
				LD_RUNPATH_SEARCH_PATHS = "$(inherited) @executable_path/Frameworks";
				PRODUCT_BUNDLE_IDENTIFIER = Zain.Developer.mammafoodie;
				PRODUCT_NAME = "$(TARGET_NAME)";
				SWIFT_VERSION = 3.0;
			};
			name = Release;
		};
/* End XCBuildConfiguration section */

/* Begin XCConfigurationList section */
		BF5060D01EE81B9E00DB646F /* Build configuration list for PBXProject "mammafoodie" */ = {
			isa = XCConfigurationList;
			buildConfigurations = (
				BF5060E51EE81B9E00DB646F /* Debug */,
				BF5060E61EE81B9E00DB646F /* Release */,
			);
			defaultConfigurationIsVisible = 0;
			defaultConfigurationName = Release;
		};
		BF5060E71EE81B9E00DB646F /* Build configuration list for PBXNativeTarget "mammafoodie" */ = {
			isa = XCConfigurationList;
			buildConfigurations = (
				BF5060E81EE81B9E00DB646F /* Debug */,
				BF5060E91EE81B9E00DB646F /* Release */,
			);
			defaultConfigurationIsVisible = 0;
		};
/* End XCConfigurationList section */
	};
	rootObject = BF5060CD1EE81B9E00DB646F /* Project object */;
}
