// !$*UTF8*$!
{
	archiveVersion = 1;
	classes = {
	};
	objectVersion = 46;
	objects = {

/* Begin PBXBuildFile section */
		2CA886C21EE91CAD0012405D /* GoogleService-Info.plist in Resources */ = {isa = PBXBuildFile; fileRef = 2CA886C11EE91CAD0012405D /* GoogleService-Info.plist */; };
		2CB528E81EE9164D00218609 /* LoginConfigurator.swift in Sources */ = {isa = PBXBuildFile; fileRef = 2CB528E11EE9164D00218609 /* LoginConfigurator.swift */; };
		2CB528E91EE9164D00218609 /* LoginInteractor.swift in Sources */ = {isa = PBXBuildFile; fileRef = 2CB528E21EE9164D00218609 /* LoginInteractor.swift */; };
		2CB528EA1EE9164D00218609 /* LoginModels.swift in Sources */ = {isa = PBXBuildFile; fileRef = 2CB528E31EE9164D00218609 /* LoginModels.swift */; };
		2CB528EB1EE9164D00218609 /* LoginPresenter.swift in Sources */ = {isa = PBXBuildFile; fileRef = 2CB528E41EE9164D00218609 /* LoginPresenter.swift */; };
		2CB528EC1EE9164D00218609 /* LoginRouter.swift in Sources */ = {isa = PBXBuildFile; fileRef = 2CB528E51EE9164D00218609 /* LoginRouter.swift */; };
		2CB528ED1EE9164D00218609 /* LoginViewController.swift in Sources */ = {isa = PBXBuildFile; fileRef = 2CB528E61EE9164D00218609 /* LoginViewController.swift */; };
		2CB528EE1EE9164D00218609 /* LoginWorker.swift in Sources */ = {isa = PBXBuildFile; fileRef = 2CB528E71EE9164D00218609 /* LoginWorker.swift */; };
		6D4201A590A1F95E913F3A42 /* Pods_mammafoodie.framework in Frameworks */ = {isa = PBXBuildFile; fileRef = CE5ED13300F95FC8736042FF /* Pods_mammafoodie.framework */; };
		BF5060D91EE81B9E00DB646F /* AppDelegate.swift in Sources */ = {isa = PBXBuildFile; fileRef = BF5060D81EE81B9E00DB646F /* AppDelegate.swift */; };
		BF5060DE1EE81B9E00DB646F /* Main.storyboard in Resources */ = {isa = PBXBuildFile; fileRef = BF5060DC1EE81B9E00DB646F /* Main.storyboard */; };
		BF5060E01EE81B9E00DB646F /* Assets.xcassets in Resources */ = {isa = PBXBuildFile; fileRef = BF5060DF1EE81B9E00DB646F /* Assets.xcassets */; };
		BF5060E31EE81B9E00DB646F /* LaunchScreen.storyboard in Resources */ = {isa = PBXBuildFile; fileRef = BF5060E11EE81B9E00DB646F /* LaunchScreen.storyboard */; };
		BFC927281EF00A7E00602153 /* CommentsAdapter.swift in Sources */ = {isa = PBXBuildFile; fileRef = BFC927011EF00A7E00602153 /* CommentsAdapter.swift */; };
		BFC927291EF00A7E00602153 /* CommentsConfigurator.swift in Sources */ = {isa = PBXBuildFile; fileRef = BFC927021EF00A7E00602153 /* CommentsConfigurator.swift */; };
		BFC9272A1EF00A7E00602153 /* CommentsInteractor.swift in Sources */ = {isa = PBXBuildFile; fileRef = BFC927031EF00A7E00602153 /* CommentsInteractor.swift */; };
		BFC9272B1EF00A7E00602153 /* CommentsListTableViewCell.swift in Sources */ = {isa = PBXBuildFile; fileRef = BFC927041EF00A7E00602153 /* CommentsListTableViewCell.swift */; };
		BFC9272C1EF00A7E00602153 /* CommentsModels.swift in Sources */ = {isa = PBXBuildFile; fileRef = BFC927051EF00A7E00602153 /* CommentsModels.swift */; };
		BFC9272D1EF00A7E00602153 /* CommentsPresenter.swift in Sources */ = {isa = PBXBuildFile; fileRef = BFC927061EF00A7E00602153 /* CommentsPresenter.swift */; };
		BFC9272E1EF00A7E00602153 /* CommentsRouter.swift in Sources */ = {isa = PBXBuildFile; fileRef = BFC927071EF00A7E00602153 /* CommentsRouter.swift */; };
		BFC9272F1EF00A7E00602153 /* CommentsViewController.swift in Sources */ = {isa = PBXBuildFile; fileRef = BFC927081EF00A7E00602153 /* CommentsViewController.swift */; };
		BFC927301EF00A7E00602153 /* CommentsWorker.swift in Sources */ = {isa = PBXBuildFile; fileRef = BFC927091EF00A7E00602153 /* CommentsWorker.swift */; };
		BFC927311EF00A7E00602153 /* LiveVideo.swift in Sources */ = {isa = PBXBuildFile; fileRef = BFC9270B1EF00A7E00602153 /* LiveVideo.swift */; };
		BFC927321EF00A7E00602153 /* Vidup.swift in Sources */ = {isa = PBXBuildFile; fileRef = BFC9270C1EF00A7E00602153 /* Vidup.swift */; };
		BFC927331EF00A7E00602153 /* LiveVideoMainPageConfigurator.swift in Sources */ = {isa = PBXBuildFile; fileRef = BFC9270E1EF00A7E00602153 /* LiveVideoMainPageConfigurator.swift */; };
		BFC927341EF00A7E00602153 /* LiveVideoMainPageInteractor.swift in Sources */ = {isa = PBXBuildFile; fileRef = BFC9270F1EF00A7E00602153 /* LiveVideoMainPageInteractor.swift */; };
		BFC927351EF00A7E00602153 /* LiveVideoMainPageModels.swift in Sources */ = {isa = PBXBuildFile; fileRef = BFC927101EF00A7E00602153 /* LiveVideoMainPageModels.swift */; };
		BFC927361EF00A7E00602153 /* LiveVideoMainPagePresenter.swift in Sources */ = {isa = PBXBuildFile; fileRef = BFC927111EF00A7E00602153 /* LiveVideoMainPagePresenter.swift */; };
		BFC927371EF00A7E00602153 /* LiveVideoMainPageRouter.swift in Sources */ = {isa = PBXBuildFile; fileRef = BFC927121EF00A7E00602153 /* LiveVideoMainPageRouter.swift */; };
		BFC927381EF00A7E00602153 /* LiveVideoMainPageViewController.swift in Sources */ = {isa = PBXBuildFile; fileRef = BFC927131EF00A7E00602153 /* LiveVideoMainPageViewController.swift */; };
		BFC927391EF00A7E00602153 /* LoadLiveVideosWorker.swift in Sources */ = {isa = PBXBuildFile; fileRef = BFC927141EF00A7E00602153 /* LoadLiveVideosWorker.swift */; };
		BFC9273A1EF00A7E00602153 /* EnableCameraWorker.swift in Sources */ = {isa = PBXBuildFile; fileRef = BFC927161EF00A7E00602153 /* EnableCameraWorker.swift */; };
		BFC9273B1EF00A7E00602153 /* EnableLocationWorker.swift in Sources */ = {isa = PBXBuildFile; fileRef = BFC927171EF00A7E00602153 /* EnableLocationWorker.swift */; };
		BFC9273C1EF00A7E00602153 /* EnableMicrophoneWorker.swift in Sources */ = {isa = PBXBuildFile; fileRef = BFC927181EF00A7E00602153 /* EnableMicrophoneWorker.swift */; };
		BFC9273D1EF00A7E00602153 /* EnablePhotoLibraryWorker.swift in Sources */ = {isa = PBXBuildFile; fileRef = BFC927191EF00A7E00602153 /* EnablePhotoLibraryWorker.swift */; };
		BFC9273E1EF00A7E00602153 /* PermissionsAlertConfigurator.swift in Sources */ = {isa = PBXBuildFile; fileRef = BFC9271A1EF00A7E00602153 /* PermissionsAlertConfigurator.swift */; };
		BFC9273F1EF00A7E00602153 /* PermissionsAlertInteractor.swift in Sources */ = {isa = PBXBuildFile; fileRef = BFC9271B1EF00A7E00602153 /* PermissionsAlertInteractor.swift */; };
		BFC927401EF00A7E00602153 /* PermissionsAlertModels.swift in Sources */ = {isa = PBXBuildFile; fileRef = BFC9271C1EF00A7E00602153 /* PermissionsAlertModels.swift */; };
		BFC927411EF00A7E00602153 /* PermissionsAlertPresenter.swift in Sources */ = {isa = PBXBuildFile; fileRef = BFC9271D1EF00A7E00602153 /* PermissionsAlertPresenter.swift */; };
		BFC927421EF00A7E00602153 /* PermissionsAlertRouter.swift in Sources */ = {isa = PBXBuildFile; fileRef = BFC9271E1EF00A7E00602153 /* PermissionsAlertRouter.swift */; };
		BFC927431EF00A7E00602153 /* PermissionsAlertViewController.swift in Sources */ = {isa = PBXBuildFile; fileRef = BFC9271F1EF00A7E00602153 /* PermissionsAlertViewController.swift */; };
		BFC927441EF00A7E00602153 /* LoadVidupsWorker.swift in Sources */ = {isa = PBXBuildFile; fileRef = BFC927211EF00A7E00602153 /* LoadVidupsWorker.swift */; };
		BFC927451EF00A7E00602153 /* VidupMainPageConfigurator.swift in Sources */ = {isa = PBXBuildFile; fileRef = BFC927221EF00A7E00602153 /* VidupMainPageConfigurator.swift */; };
		BFC927461EF00A7E00602153 /* VidupMainPageInteractor.swift in Sources */ = {isa = PBXBuildFile; fileRef = BFC927231EF00A7E00602153 /* VidupMainPageInteractor.swift */; };
		BFC927471EF00A7E00602153 /* VidupMainPageModels.swift in Sources */ = {isa = PBXBuildFile; fileRef = BFC927241EF00A7E00602153 /* VidupMainPageModels.swift */; };
		BFC927481EF00A7E00602153 /* VidupMainPagePresenter.swift in Sources */ = {isa = PBXBuildFile; fileRef = BFC927251EF00A7E00602153 /* VidupMainPagePresenter.swift */; };
		BFC927491EF00A7E00602153 /* VidupMainPageRouter.swift in Sources */ = {isa = PBXBuildFile; fileRef = BFC927261EF00A7E00602153 /* VidupMainPageRouter.swift */; };
		BFC9274A1EF00A7E00602153 /* VidupMainPageViewController.swift in Sources */ = {isa = PBXBuildFile; fileRef = BFC927271EF00A7E00602153 /* VidupMainPageViewController.swift */; };
		BFC9274E1EF00B0700602153 /* LiveVideoCollectionViewCell.swift in Sources */ = {isa = PBXBuildFile; fileRef = BFC9274C1EF00B0700602153 /* LiveVideoCollectionViewCell.swift */; };
		BFC9274F1EF00B0700602153 /* VidupCollectionViewCell.swift in Sources */ = {isa = PBXBuildFile; fileRef = BFC9274D1EF00B0700602153 /* VidupCollectionViewCell.swift */; };
		F03B6EBD1EED276000985F62 /* Siri.storyboard in Resources */ = {isa = PBXBuildFile; fileRef = F03B6EBB1EED276000985F62 /* Siri.storyboard */; };
		F09ED02F1EE936FB00DBCF78 /* GmailLoginWorker.swift in Sources */ = {isa = PBXBuildFile; fileRef = F09ED02E1EE936FB00DBCF78 /* GmailLoginWorker.swift */; };
		F0E04DA21EE9BAA100DCBAA0 /* ForgotPasswordWorker.swift in Sources */ = {isa = PBXBuildFile; fileRef = F0E04DA11EE9BAA100DCBAA0 /* ForgotPasswordWorker.swift */; };
/* End PBXBuildFile section */

/* Begin PBXFileReference section */
		17B2AC3540E7B1D3DC84F497 /* Pods-mammafoodie.release.xcconfig */ = {isa = PBXFileReference; includeInIndex = 1; lastKnownFileType = text.xcconfig; name = "Pods-mammafoodie.release.xcconfig"; path = "Pods/Target Support Files/Pods-mammafoodie/Pods-mammafoodie.release.xcconfig"; sourceTree = "<group>"; };
		18DBCC50E7C94C5D9FACFC74 /* Pods-mammafoodie.debug.xcconfig */ = {isa = PBXFileReference; includeInIndex = 1; lastKnownFileType = text.xcconfig; name = "Pods-mammafoodie.debug.xcconfig"; path = "Pods/Target Support Files/Pods-mammafoodie/Pods-mammafoodie.debug.xcconfig"; sourceTree = "<group>"; };
		2CA886C11EE91CAD0012405D /* GoogleService-Info.plist */ = {isa = PBXFileReference; fileEncoding = 4; lastKnownFileType = text.plist.xml; path = "GoogleService-Info.plist"; sourceTree = "<group>"; };
		2CB528E11EE9164D00218609 /* LoginConfigurator.swift */ = {isa = PBXFileReference; fileEncoding = 4; lastKnownFileType = sourcecode.swift; path = LoginConfigurator.swift; sourceTree = "<group>"; };
		2CB528E21EE9164D00218609 /* LoginInteractor.swift */ = {isa = PBXFileReference; fileEncoding = 4; lastKnownFileType = sourcecode.swift; path = LoginInteractor.swift; sourceTree = "<group>"; };
		2CB528E31EE9164D00218609 /* LoginModels.swift */ = {isa = PBXFileReference; fileEncoding = 4; lastKnownFileType = sourcecode.swift; path = LoginModels.swift; sourceTree = "<group>"; };
		2CB528E41EE9164D00218609 /* LoginPresenter.swift */ = {isa = PBXFileReference; fileEncoding = 4; lastKnownFileType = sourcecode.swift; path = LoginPresenter.swift; sourceTree = "<group>"; };
		2CB528E51EE9164D00218609 /* LoginRouter.swift */ = {isa = PBXFileReference; fileEncoding = 4; lastKnownFileType = sourcecode.swift; path = LoginRouter.swift; sourceTree = "<group>"; };
		2CB528E61EE9164D00218609 /* LoginViewController.swift */ = {isa = PBXFileReference; fileEncoding = 4; lastKnownFileType = sourcecode.swift; path = LoginViewController.swift; sourceTree = "<group>"; };
		2CB528E71EE9164D00218609 /* LoginWorker.swift */ = {isa = PBXFileReference; fileEncoding = 4; lastKnownFileType = sourcecode.swift; path = LoginWorker.swift; sourceTree = "<group>"; };
		BF5060D51EE81B9E00DB646F /* mammafoodie.app */ = {isa = PBXFileReference; explicitFileType = wrapper.application; includeInIndex = 0; path = mammafoodie.app; sourceTree = BUILT_PRODUCTS_DIR; };
		BF5060D81EE81B9E00DB646F /* AppDelegate.swift */ = {isa = PBXFileReference; lastKnownFileType = sourcecode.swift; path = AppDelegate.swift; sourceTree = "<group>"; };
		BF5060DD1EE81B9E00DB646F /* Base */ = {isa = PBXFileReference; lastKnownFileType = file.storyboard; name = Base; path = Base.lproj/Main.storyboard; sourceTree = "<group>"; };
		BF5060DF1EE81B9E00DB646F /* Assets.xcassets */ = {isa = PBXFileReference; lastKnownFileType = folder.assetcatalog; path = Assets.xcassets; sourceTree = "<group>"; };
		BF5060E21EE81B9E00DB646F /* Base */ = {isa = PBXFileReference; lastKnownFileType = file.storyboard; name = Base; path = Base.lproj/LaunchScreen.storyboard; sourceTree = "<group>"; };
		BF5060E41EE81B9E00DB646F /* Info.plist */ = {isa = PBXFileReference; lastKnownFileType = text.plist.xml; path = Info.plist; sourceTree = "<group>"; };
		BFC927011EF00A7E00602153 /* CommentsAdapter.swift */ = {isa = PBXFileReference; fileEncoding = 4; lastKnownFileType = sourcecode.swift; path = CommentsAdapter.swift; sourceTree = "<group>"; };
		BFC927021EF00A7E00602153 /* CommentsConfigurator.swift */ = {isa = PBXFileReference; fileEncoding = 4; lastKnownFileType = sourcecode.swift; path = CommentsConfigurator.swift; sourceTree = "<group>"; };
		BFC927031EF00A7E00602153 /* CommentsInteractor.swift */ = {isa = PBXFileReference; fileEncoding = 4; lastKnownFileType = sourcecode.swift; path = CommentsInteractor.swift; sourceTree = "<group>"; };
		BFC927041EF00A7E00602153 /* CommentsListTableViewCell.swift */ = {isa = PBXFileReference; fileEncoding = 4; lastKnownFileType = sourcecode.swift; path = CommentsListTableViewCell.swift; sourceTree = "<group>"; };
		BFC927051EF00A7E00602153 /* CommentsModels.swift */ = {isa = PBXFileReference; fileEncoding = 4; lastKnownFileType = sourcecode.swift; path = CommentsModels.swift; sourceTree = "<group>"; };
		BFC927061EF00A7E00602153 /* CommentsPresenter.swift */ = {isa = PBXFileReference; fileEncoding = 4; lastKnownFileType = sourcecode.swift; path = CommentsPresenter.swift; sourceTree = "<group>"; };
		BFC927071EF00A7E00602153 /* CommentsRouter.swift */ = {isa = PBXFileReference; fileEncoding = 4; lastKnownFileType = sourcecode.swift; path = CommentsRouter.swift; sourceTree = "<group>"; };
		BFC927081EF00A7E00602153 /* CommentsViewController.swift */ = {isa = PBXFileReference; fileEncoding = 4; lastKnownFileType = sourcecode.swift; path = CommentsViewController.swift; sourceTree = "<group>"; };
		BFC927091EF00A7E00602153 /* CommentsWorker.swift */ = {isa = PBXFileReference; fileEncoding = 4; lastKnownFileType = sourcecode.swift; path = CommentsWorker.swift; sourceTree = "<group>"; };
		BFC9270B1EF00A7E00602153 /* LiveVideo.swift */ = {isa = PBXFileReference; fileEncoding = 4; lastKnownFileType = sourcecode.swift; path = LiveVideo.swift; sourceTree = "<group>"; };
		BFC9270C1EF00A7E00602153 /* Vidup.swift */ = {isa = PBXFileReference; fileEncoding = 4; lastKnownFileType = sourcecode.swift; path = Vidup.swift; sourceTree = "<group>"; };
		BFC9270E1EF00A7E00602153 /* LiveVideoMainPageConfigurator.swift */ = {isa = PBXFileReference; fileEncoding = 4; lastKnownFileType = sourcecode.swift; path = LiveVideoMainPageConfigurator.swift; sourceTree = "<group>"; };
		BFC9270F1EF00A7E00602153 /* LiveVideoMainPageInteractor.swift */ = {isa = PBXFileReference; fileEncoding = 4; lastKnownFileType = sourcecode.swift; path = LiveVideoMainPageInteractor.swift; sourceTree = "<group>"; };
		BFC927101EF00A7E00602153 /* LiveVideoMainPageModels.swift */ = {isa = PBXFileReference; fileEncoding = 4; lastKnownFileType = sourcecode.swift; path = LiveVideoMainPageModels.swift; sourceTree = "<group>"; };
		BFC927111EF00A7E00602153 /* LiveVideoMainPagePresenter.swift */ = {isa = PBXFileReference; fileEncoding = 4; lastKnownFileType = sourcecode.swift; path = LiveVideoMainPagePresenter.swift; sourceTree = "<group>"; };
		BFC927121EF00A7E00602153 /* LiveVideoMainPageRouter.swift */ = {isa = PBXFileReference; fileEncoding = 4; lastKnownFileType = sourcecode.swift; path = LiveVideoMainPageRouter.swift; sourceTree = "<group>"; };
		BFC927131EF00A7E00602153 /* LiveVideoMainPageViewController.swift */ = {isa = PBXFileReference; fileEncoding = 4; lastKnownFileType = sourcecode.swift; path = LiveVideoMainPageViewController.swift; sourceTree = "<group>"; };
		BFC927141EF00A7E00602153 /* LoadLiveVideosWorker.swift */ = {isa = PBXFileReference; fileEncoding = 4; lastKnownFileType = sourcecode.swift; path = LoadLiveVideosWorker.swift; sourceTree = "<group>"; };
		BFC927161EF00A7E00602153 /* EnableCameraWorker.swift */ = {isa = PBXFileReference; fileEncoding = 4; lastKnownFileType = sourcecode.swift; path = EnableCameraWorker.swift; sourceTree = "<group>"; };
		BFC927171EF00A7E00602153 /* EnableLocationWorker.swift */ = {isa = PBXFileReference; fileEncoding = 4; lastKnownFileType = sourcecode.swift; path = EnableLocationWorker.swift; sourceTree = "<group>"; };
		BFC927181EF00A7E00602153 /* EnableMicrophoneWorker.swift */ = {isa = PBXFileReference; fileEncoding = 4; lastKnownFileType = sourcecode.swift; path = EnableMicrophoneWorker.swift; sourceTree = "<group>"; };
		BFC927191EF00A7E00602153 /* EnablePhotoLibraryWorker.swift */ = {isa = PBXFileReference; fileEncoding = 4; lastKnownFileType = sourcecode.swift; path = EnablePhotoLibraryWorker.swift; sourceTree = "<group>"; };
		BFC9271A1EF00A7E00602153 /* PermissionsAlertConfigurator.swift */ = {isa = PBXFileReference; fileEncoding = 4; lastKnownFileType = sourcecode.swift; path = PermissionsAlertConfigurator.swift; sourceTree = "<group>"; };
		BFC9271B1EF00A7E00602153 /* PermissionsAlertInteractor.swift */ = {isa = PBXFileReference; fileEncoding = 4; lastKnownFileType = sourcecode.swift; path = PermissionsAlertInteractor.swift; sourceTree = "<group>"; };
		BFC9271C1EF00A7E00602153 /* PermissionsAlertModels.swift */ = {isa = PBXFileReference; fileEncoding = 4; lastKnownFileType = sourcecode.swift; path = PermissionsAlertModels.swift; sourceTree = "<group>"; };
		BFC9271D1EF00A7E00602153 /* PermissionsAlertPresenter.swift */ = {isa = PBXFileReference; fileEncoding = 4; lastKnownFileType = sourcecode.swift; path = PermissionsAlertPresenter.swift; sourceTree = "<group>"; };
		BFC9271E1EF00A7E00602153 /* PermissionsAlertRouter.swift */ = {isa = PBXFileReference; fileEncoding = 4; lastKnownFileType = sourcecode.swift; path = PermissionsAlertRouter.swift; sourceTree = "<group>"; };
		BFC9271F1EF00A7E00602153 /* PermissionsAlertViewController.swift */ = {isa = PBXFileReference; fileEncoding = 4; lastKnownFileType = sourcecode.swift; path = PermissionsAlertViewController.swift; sourceTree = "<group>"; };
		BFC927211EF00A7E00602153 /* LoadVidupsWorker.swift */ = {isa = PBXFileReference; fileEncoding = 4; lastKnownFileType = sourcecode.swift; path = LoadVidupsWorker.swift; sourceTree = "<group>"; };
		BFC927221EF00A7E00602153 /* VidupMainPageConfigurator.swift */ = {isa = PBXFileReference; fileEncoding = 4; lastKnownFileType = sourcecode.swift; path = VidupMainPageConfigurator.swift; sourceTree = "<group>"; };
		BFC927231EF00A7E00602153 /* VidupMainPageInteractor.swift */ = {isa = PBXFileReference; fileEncoding = 4; lastKnownFileType = sourcecode.swift; path = VidupMainPageInteractor.swift; sourceTree = "<group>"; };
		BFC927241EF00A7E00602153 /* VidupMainPageModels.swift */ = {isa = PBXFileReference; fileEncoding = 4; lastKnownFileType = sourcecode.swift; path = VidupMainPageModels.swift; sourceTree = "<group>"; };
		BFC927251EF00A7E00602153 /* VidupMainPagePresenter.swift */ = {isa = PBXFileReference; fileEncoding = 4; lastKnownFileType = sourcecode.swift; path = VidupMainPagePresenter.swift; sourceTree = "<group>"; };
		BFC927261EF00A7E00602153 /* VidupMainPageRouter.swift */ = {isa = PBXFileReference; fileEncoding = 4; lastKnownFileType = sourcecode.swift; path = VidupMainPageRouter.swift; sourceTree = "<group>"; };
		BFC927271EF00A7E00602153 /* VidupMainPageViewController.swift */ = {isa = PBXFileReference; fileEncoding = 4; lastKnownFileType = sourcecode.swift; path = VidupMainPageViewController.swift; sourceTree = "<group>"; };
		BFC9274C1EF00B0700602153 /* LiveVideoCollectionViewCell.swift */ = {isa = PBXFileReference; fileEncoding = 4; lastKnownFileType = sourcecode.swift; path = LiveVideoCollectionViewCell.swift; sourceTree = "<group>"; };
		BFC9274D1EF00B0700602153 /* VidupCollectionViewCell.swift */ = {isa = PBXFileReference; fileEncoding = 4; lastKnownFileType = sourcecode.swift; path = VidupCollectionViewCell.swift; sourceTree = "<group>"; };
		CE5ED13300F95FC8736042FF /* Pods_mammafoodie.framework */ = {isa = PBXFileReference; explicitFileType = wrapper.framework; includeInIndex = 0; path = Pods_mammafoodie.framework; sourceTree = BUILT_PRODUCTS_DIR; };
		F03B6EBC1EED276000985F62 /* Base */ = {isa = PBXFileReference; lastKnownFileType = file.storyboard; name = Base; path = mammafoodie/Base.lproj/Siri.storyboard; sourceTree = "<group>"; };
		F09ED02E1EE936FB00DBCF78 /* GmailLoginWorker.swift */ = {isa = PBXFileReference; fileEncoding = 4; lastKnownFileType = sourcecode.swift; path = GmailLoginWorker.swift; sourceTree = "<group>"; };
		F0E04DA11EE9BAA100DCBAA0 /* ForgotPasswordWorker.swift */ = {isa = PBXFileReference; fileEncoding = 4; lastKnownFileType = sourcecode.swift; path = ForgotPasswordWorker.swift; sourceTree = "<group>"; };
/* End PBXFileReference section */

/* Begin PBXFrameworksBuildPhase section */
		BF5060D21EE81B9E00DB646F /* Frameworks */ = {
			isa = PBXFrameworksBuildPhase;
			buildActionMask = 2147483647;
			files = (
				6D4201A590A1F95E913F3A42 /* Pods_mammafoodie.framework in Frameworks */,
			);
			runOnlyForDeploymentPostprocessing = 0;
		};
/* End PBXFrameworksBuildPhase section */

/* Begin PBXGroup section */
		2399BC92A1B9B588BDDCF277 /* Pods */ = {
			isa = PBXGroup;
			children = (
				18DBCC50E7C94C5D9FACFC74 /* Pods-mammafoodie.debug.xcconfig */,
				17B2AC3540E7B1D3DC84F497 /* Pods-mammafoodie.release.xcconfig */,
			);
			name = Pods;
			sourceTree = "<group>";
		};
		2CA886C01EE91CA80012405D /* Support */ = {
			isa = PBXGroup;
			children = (
				2CA886C11EE91CAD0012405D /* GoogleService-Info.plist */,
			);
			path = Support;
			sourceTree = "<group>";
		};
		2CB528DF1EE9164D00218609 /* Scenes */ = {
			isa = PBXGroup;
			children = (
				BFC927001EF00A7E00602153 /* Comments */,
				BFC9270A1EF00A7E00602153 /* Entities */,
				BFC9270D1EF00A7E00602153 /* LiveVideoMainPage */,
				BFC927151EF00A7E00602153 /* PermissionsAlert */,
				BFC927201EF00A7E00602153 /* VidupMainPage */,
				2CB528E01EE9164D00218609 /* Login */,
			);
			path = Scenes;
			sourceTree = "<group>";
		};
		2CB528E01EE9164D00218609 /* Login */ = {
			isa = PBXGroup;
			children = (
				2CB528E11EE9164D00218609 /* LoginConfigurator.swift */,
				2CB528E21EE9164D00218609 /* LoginInteractor.swift */,
				2CB528E31EE9164D00218609 /* LoginModels.swift */,
				2CB528E41EE9164D00218609 /* LoginPresenter.swift */,
				2CB528E51EE9164D00218609 /* LoginRouter.swift */,
				2CB528E61EE9164D00218609 /* LoginViewController.swift */,
				2CB528E71EE9164D00218609 /* LoginWorker.swift */,
				F09ED02E1EE936FB00DBCF78 /* GmailLoginWorker.swift */,
				F0E04DA11EE9BAA100DCBAA0 /* ForgotPasswordWorker.swift */,
			);
			path = Login;
			sourceTree = "<group>";
		};
		BF5060CC1EE81B9E00DB646F = {
			isa = PBXGroup;
			children = (
				BF5060D71EE81B9E00DB646F /* mammafoodie */,
				BF5060D61EE81B9E00DB646F /* Products */,
				2CA886C01EE91CA80012405D /* Support */,
				2399BC92A1B9B588BDDCF277 /* Pods */,
				FA0FFFE83E7371F529687F8A /* Frameworks */,
			);
			sourceTree = "<group>";
		};
		BF5060D61EE81B9E00DB646F /* Products */ = {
			isa = PBXGroup;
			children = (
				BF5060D51EE81B9E00DB646F /* mammafoodie.app */,
			);
			name = Products;
			sourceTree = "<group>";
		};
		BF5060D71EE81B9E00DB646F /* mammafoodie */ = {
			isa = PBXGroup;
			children = (
				BF5060D81EE81B9E00DB646F /* AppDelegate.swift */,
				BF5060DF1EE81B9E00DB646F /* Assets.xcassets */,
				BF5060E41EE81B9E00DB646F /* Info.plist */,
				BF5060E11EE81B9E00DB646F /* LaunchScreen.storyboard */,
				BF5060DC1EE81B9E00DB646F /* Main.storyboard */,
				F03B6EBB1EED276000985F62 /* Siri.storyboard */,
				BFC9274B1EF00B0700602153 /* Cells */,
				2CB528DF1EE9164D00218609 /* Scenes */,
			);
			path = mammafoodie;
			sourceTree = "<group>";
		};
		BFC927001EF00A7E00602153 /* Comments */ = {
			isa = PBXGroup;
			children = (
				BFC927011EF00A7E00602153 /* CommentsAdapter.swift */,
				BFC927021EF00A7E00602153 /* CommentsConfigurator.swift */,
				BFC927031EF00A7E00602153 /* CommentsInteractor.swift */,
				BFC927041EF00A7E00602153 /* CommentsListTableViewCell.swift */,
				BFC927051EF00A7E00602153 /* CommentsModels.swift */,
				BFC927061EF00A7E00602153 /* CommentsPresenter.swift */,
				BFC927071EF00A7E00602153 /* CommentsRouter.swift */,
				BFC927081EF00A7E00602153 /* CommentsViewController.swift */,
				BFC927091EF00A7E00602153 /* CommentsWorker.swift */,
			);
			path = Comments;
			sourceTree = "<group>";
		};
		BFC9270A1EF00A7E00602153 /* Entities */ = {
			isa = PBXGroup;
			children = (
				BFC9270B1EF00A7E00602153 /* LiveVideo.swift */,
				BFC9270C1EF00A7E00602153 /* Vidup.swift */,
			);
			path = Entities;
			sourceTree = "<group>";
		};
		BFC9270D1EF00A7E00602153 /* LiveVideoMainPage */ = {
			isa = PBXGroup;
			children = (
				BFC9270E1EF00A7E00602153 /* LiveVideoMainPageConfigurator.swift */,
				BFC9270F1EF00A7E00602153 /* LiveVideoMainPageInteractor.swift */,
				BFC927101EF00A7E00602153 /* LiveVideoMainPageModels.swift */,
				BFC927111EF00A7E00602153 /* LiveVideoMainPagePresenter.swift */,
				BFC927121EF00A7E00602153 /* LiveVideoMainPageRouter.swift */,
				BFC927131EF00A7E00602153 /* LiveVideoMainPageViewController.swift */,
				BFC927141EF00A7E00602153 /* LoadLiveVideosWorker.swift */,
			);
			path = LiveVideoMainPage;
			sourceTree = "<group>";
		};
		BFC927151EF00A7E00602153 /* PermissionsAlert */ = {
			isa = PBXGroup;
			children = (
				BFC927161EF00A7E00602153 /* EnableCameraWorker.swift */,
				BFC927171EF00A7E00602153 /* EnableLocationWorker.swift */,
				BFC927181EF00A7E00602153 /* EnableMicrophoneWorker.swift */,
				BFC927191EF00A7E00602153 /* EnablePhotoLibraryWorker.swift */,
				BFC9271A1EF00A7E00602153 /* PermissionsAlertConfigurator.swift */,
				BFC9271B1EF00A7E00602153 /* PermissionsAlertInteractor.swift */,
				BFC9271C1EF00A7E00602153 /* PermissionsAlertModels.swift */,
				BFC9271D1EF00A7E00602153 /* PermissionsAlertPresenter.swift */,
				BFC9271E1EF00A7E00602153 /* PermissionsAlertRouter.swift */,
				BFC9271F1EF00A7E00602153 /* PermissionsAlertViewController.swift */,
			);
			path = PermissionsAlert;
			sourceTree = "<group>";
		};
		BFC927201EF00A7E00602153 /* VidupMainPage */ = {
			isa = PBXGroup;
			children = (
				BFC927211EF00A7E00602153 /* LoadVidupsWorker.swift */,
				BFC927221EF00A7E00602153 /* VidupMainPageConfigurator.swift */,
				BFC927231EF00A7E00602153 /* VidupMainPageInteractor.swift */,
				BFC927241EF00A7E00602153 /* VidupMainPageModels.swift */,
				BFC927251EF00A7E00602153 /* VidupMainPagePresenter.swift */,
				BFC927261EF00A7E00602153 /* VidupMainPageRouter.swift */,
				BFC927271EF00A7E00602153 /* VidupMainPageViewController.swift */,
			);
			path = VidupMainPage;
			sourceTree = "<group>";
		};
		BFC9274B1EF00B0700602153 /* Cells */ = {
			isa = PBXGroup;
			children = (
				BFC9274C1EF00B0700602153 /* LiveVideoCollectionViewCell.swift */,
				BFC9274D1EF00B0700602153 /* VidupCollectionViewCell.swift */,
			);
			path = Cells;
			sourceTree = "<group>";
		};
		FA0FFFE83E7371F529687F8A /* Frameworks */ = {
			isa = PBXGroup;
			children = (
				CE5ED13300F95FC8736042FF /* Pods_mammafoodie.framework */,
			);
			name = Frameworks;
			sourceTree = "<group>";
		};
/* End PBXGroup section */

/* Begin PBXNativeTarget section */
		BF5060D41EE81B9E00DB646F /* mammafoodie */ = {
			isa = PBXNativeTarget;
			buildConfigurationList = BF5060E71EE81B9E00DB646F /* Build configuration list for PBXNativeTarget "mammafoodie" */;
			buildPhases = (
				1147536F33E850C1B3FAFF15 /* [CP] Check Pods Manifest.lock */,
				BF5060D11EE81B9E00DB646F /* Sources */,
				BF5060D21EE81B9E00DB646F /* Frameworks */,
				BF5060D31EE81B9E00DB646F /* Resources */,
				E2B09A6B3C179C7410A14F8C /* [CP] Embed Pods Frameworks */,
				8787676D1BDC384D1E456A59 /* [CP] Copy Pods Resources */,
			);
			buildRules = (
			);
			dependencies = (
			);
			name = mammafoodie;
			productName = mammafoodie;
			productReference = BF5060D51EE81B9E00DB646F /* mammafoodie.app */;
			productType = "com.apple.product-type.application";
		};
/* End PBXNativeTarget section */

/* Begin PBXProject section */
		BF5060CD1EE81B9E00DB646F /* Project object */ = {
			isa = PBXProject;
			attributes = {
				LastSwiftUpdateCheck = 0830;
				LastUpgradeCheck = 0830;
				ORGANIZATIONNAME = "Zain Nadeem";
				TargetAttributes = {
					BF5060D41EE81B9E00DB646F = {
						CreatedOnToolsVersion = 8.3.1;
						ProvisioningStyle = Automatic;
					};
				};
			};
			buildConfigurationList = BF5060D01EE81B9E00DB646F /* Build configuration list for PBXProject "mammafoodie" */;
			compatibilityVersion = "Xcode 3.2";
			developmentRegion = English;
			hasScannedForEncodings = 0;
			knownRegions = (
				en,
				Base,
			);
			mainGroup = BF5060CC1EE81B9E00DB646F;
			productRefGroup = BF5060D61EE81B9E00DB646F /* Products */;
			projectDirPath = "";
			projectRoot = "";
			targets = (
				BF5060D41EE81B9E00DB646F /* mammafoodie */,
			);
		};
/* End PBXProject section */

/* Begin PBXResourcesBuildPhase section */
		BF5060D31EE81B9E00DB646F /* Resources */ = {
			isa = PBXResourcesBuildPhase;
			buildActionMask = 2147483647;
			files = (
				BF5060E31EE81B9E00DB646F /* LaunchScreen.storyboard in Resources */,
				F03B6EBD1EED276000985F62 /* Siri.storyboard in Resources */,
				2CA886C21EE91CAD0012405D /* GoogleService-Info.plist in Resources */,
				BF5060E01EE81B9E00DB646F /* Assets.xcassets in Resources */,
				BF5060DE1EE81B9E00DB646F /* Main.storyboard in Resources */,
			);
			runOnlyForDeploymentPostprocessing = 0;
		};
/* End PBXResourcesBuildPhase section */

/* Begin PBXShellScriptBuildPhase section */
		1147536F33E850C1B3FAFF15 /* [CP] Check Pods Manifest.lock */ = {
			isa = PBXShellScriptBuildPhase;
			buildActionMask = 2147483647;
			files = (
			);
			inputPaths = (
			);
			name = "[CP] Check Pods Manifest.lock";
			outputPaths = (
			);
			runOnlyForDeploymentPostprocessing = 0;
			shellPath = /bin/sh;
			shellScript = "diff \"${PODS_ROOT}/../Podfile.lock\" \"${PODS_ROOT}/Manifest.lock\" > /dev/null\nif [ $? != 0 ] ; then\n    # print error to STDERR\n    echo \"error: The sandbox is not in sync with the Podfile.lock. Run 'pod install' or update your CocoaPods installation.\" >&2\n    exit 1\nfi\n";
			showEnvVarsInLog = 0;
		};
		8787676D1BDC384D1E456A59 /* [CP] Copy Pods Resources */ = {
			isa = PBXShellScriptBuildPhase;
			buildActionMask = 2147483647;
			files = (
			);
			inputPaths = (
			);
			name = "[CP] Copy Pods Resources";
			outputPaths = (
			);
			runOnlyForDeploymentPostprocessing = 0;
			shellPath = /bin/sh;
			shellScript = "\"${SRCROOT}/Pods/Target Support Files/Pods-mammafoodie/Pods-mammafoodie-resources.sh\"\n";
			showEnvVarsInLog = 0;
		};
		E2B09A6B3C179C7410A14F8C /* [CP] Embed Pods Frameworks */ = {
			isa = PBXShellScriptBuildPhase;
			buildActionMask = 2147483647;
			files = (
			);
			inputPaths = (
			);
			name = "[CP] Embed Pods Frameworks";
			outputPaths = (
			);
			runOnlyForDeploymentPostprocessing = 0;
			shellPath = /bin/sh;
			shellScript = "\"${SRCROOT}/Pods/Target Support Files/Pods-mammafoodie/Pods-mammafoodie-frameworks.sh\"\n";
			showEnvVarsInLog = 0;
		};
/* End PBXShellScriptBuildPhase section */

/* Begin PBXSourcesBuildPhase section */
		BF5060D11EE81B9E00DB646F /* Sources */ = {
			isa = PBXSourcesBuildPhase;
			buildActionMask = 2147483647;
			files = (
				BFC9272D1EF00A7E00602153 /* CommentsPresenter.swift in Sources */,
				BFC927311EF00A7E00602153 /* LiveVideo.swift in Sources */,
				2CB528EB1EE9164D00218609 /* LoginPresenter.swift in Sources */,
				BFC927491EF00A7E00602153 /* VidupMainPageRouter.swift in Sources */,
				2CB528E91EE9164D00218609 /* LoginInteractor.swift in Sources */,
				BFC9273F1EF00A7E00602153 /* PermissionsAlertInteractor.swift in Sources */,
				2CB528EA1EE9164D00218609 /* LoginModels.swift in Sources */,
				BFC927471EF00A7E00602153 /* VidupMainPageModels.swift in Sources */,
				BFC9274E1EF00B0700602153 /* LiveVideoCollectionViewCell.swift in Sources */,
				BFC927321EF00A7E00602153 /* Vidup.swift in Sources */,
				2CB528E81EE9164D00218609 /* LoginConfigurator.swift in Sources */,
				BFC9272A1EF00A7E00602153 /* CommentsInteractor.swift in Sources */,
				2CB528ED1EE9164D00218609 /* LoginViewController.swift in Sources */,
				2CB528EE1EE9164D00218609 /* LoginWorker.swift in Sources */,
				BFC927421EF00A7E00602153 /* PermissionsAlertRouter.swift in Sources */,
				BFC9273C1EF00A7E00602153 /* EnableMicrophoneWorker.swift in Sources */,
				BFC9272F1EF00A7E00602153 /* CommentsViewController.swift in Sources */,
				F09ED02F1EE936FB00DBCF78 /* GmailLoginWorker.swift in Sources */,
				BFC927461EF00A7E00602153 /* VidupMainPageInteractor.swift in Sources */,
				BFC9274F1EF00B0700602153 /* VidupCollectionViewCell.swift in Sources */,
				BFC927341EF00A7E00602153 /* LiveVideoMainPageInteractor.swift in Sources */,
				BFC927381EF00A7E00602153 /* LiveVideoMainPageViewController.swift in Sources */,
				BFC927441EF00A7E00602153 /* LoadVidupsWorker.swift in Sources */,
				F0E04DA21EE9BAA100DCBAA0 /* ForgotPasswordWorker.swift in Sources */,
				BFC927481EF00A7E00602153 /* VidupMainPagePresenter.swift in Sources */,
				BFC9272B1EF00A7E00602153 /* CommentsListTableViewCell.swift in Sources */,
				BFC9274A1EF00A7E00602153 /* VidupMainPageViewController.swift in Sources */,
				BFC9273A1EF00A7E00602153 /* EnableCameraWorker.swift in Sources */,
				BFC9273E1EF00A7E00602153 /* PermissionsAlertConfigurator.swift in Sources */,
				2CB528EC1EE9164D00218609 /* LoginRouter.swift in Sources */,
				BFC9272E1EF00A7E00602153 /* CommentsRouter.swift in Sources */,
				BFC927411EF00A7E00602153 /* PermissionsAlertPresenter.swift in Sources */,
				BFC927281EF00A7E00602153 /* CommentsAdapter.swift in Sources */,
				BFC927401EF00A7E00602153 /* PermissionsAlertModels.swift in Sources */,
				BFC927361EF00A7E00602153 /* LiveVideoMainPagePresenter.swift in Sources */,
				BFC927301EF00A7E00602153 /* CommentsWorker.swift in Sources */,
				BFC927391EF00A7E00602153 /* LoadLiveVideosWorker.swift in Sources */,
				BFC9273B1EF00A7E00602153 /* EnableLocationWorker.swift in Sources */,
				BFC927451EF00A7E00602153 /* VidupMainPageConfigurator.swift in Sources */,
				BFC9273D1EF00A7E00602153 /* EnablePhotoLibraryWorker.swift in Sources */,
				BFC927371EF00A7E00602153 /* LiveVideoMainPageRouter.swift in Sources */,
				BFC927291EF00A7E00602153 /* CommentsConfigurator.swift in Sources */,
				BFC9272C1EF00A7E00602153 /* CommentsModels.swift in Sources */,
				BFC927351EF00A7E00602153 /* LiveVideoMainPageModels.swift in Sources */,
				BFC927331EF00A7E00602153 /* LiveVideoMainPageConfigurator.swift in Sources */,
				BFC927431EF00A7E00602153 /* PermissionsAlertViewController.swift in Sources */,
				BF5060D91EE81B9E00DB646F /* AppDelegate.swift in Sources */,
			);
			runOnlyForDeploymentPostprocessing = 0;
		};
/* End PBXSourcesBuildPhase section */

/* Begin PBXVariantGroup section */
		BF5060DC1EE81B9E00DB646F /* Main.storyboard */ = {
			isa = PBXVariantGroup;
			children = (
				BF5060DD1EE81B9E00DB646F /* Base */,
			);
			name = Main.storyboard;
			sourceTree = "<group>";
		};
		BF5060E11EE81B9E00DB646F /* LaunchScreen.storyboard */ = {
			isa = PBXVariantGroup;
			children = (
				BF5060E21EE81B9E00DB646F /* Base */,
			);
			name = LaunchScreen.storyboard;
			sourceTree = "<group>";
		};
		F03B6EBB1EED276000985F62 /* Siri.storyboard */ = {
			isa = PBXVariantGroup;
			children = (
				F03B6EBC1EED276000985F62 /* Base */,
			);
			name = Siri.storyboard;
			path = ..;
			sourceTree = "<group>";
		};
/* End PBXVariantGroup section */

/* Begin XCBuildConfiguration section */
		BF5060E51EE81B9E00DB646F /* Debug */ = {
			isa = XCBuildConfiguration;
			buildSettings = {
				ALWAYS_SEARCH_USER_PATHS = NO;
				CLANG_ANALYZER_NONNULL = YES;
				CLANG_ANALYZER_NUMBER_OBJECT_CONVERSION = YES_AGGRESSIVE;
				CLANG_CXX_LANGUAGE_STANDARD = "gnu++0x";
				CLANG_CXX_LIBRARY = "libc++";
				CLANG_ENABLE_MODULES = YES;
				CLANG_ENABLE_OBJC_ARC = YES;
				CLANG_WARN_BOOL_CONVERSION = YES;
				CLANG_WARN_CONSTANT_CONVERSION = YES;
				CLANG_WARN_DIRECT_OBJC_ISA_USAGE = YES_ERROR;
				CLANG_WARN_DOCUMENTATION_COMMENTS = YES;
				CLANG_WARN_EMPTY_BODY = YES;
				CLANG_WARN_ENUM_CONVERSION = YES;
				CLANG_WARN_INFINITE_RECURSION = YES;
				CLANG_WARN_INT_CONVERSION = YES;
				CLANG_WARN_OBJC_ROOT_CLASS = YES_ERROR;
				CLANG_WARN_SUSPICIOUS_MOVE = YES;
				CLANG_WARN_UNREACHABLE_CODE = YES;
				CLANG_WARN__DUPLICATE_METHOD_MATCH = YES;
				"CODE_SIGN_IDENTITY[sdk=iphoneos*]" = "iPhone Developer";
				COPY_PHASE_STRIP = NO;
				DEBUG_INFORMATION_FORMAT = dwarf;
				ENABLE_STRICT_OBJC_MSGSEND = YES;
				ENABLE_TESTABILITY = YES;
				GCC_C_LANGUAGE_STANDARD = gnu99;
				GCC_DYNAMIC_NO_PIC = NO;
				GCC_NO_COMMON_BLOCKS = YES;
				GCC_OPTIMIZATION_LEVEL = 0;
				GCC_PREPROCESSOR_DEFINITIONS = (
					"DEBUG=1",
					"$(inherited)",
				);
				GCC_WARN_64_TO_32_BIT_CONVERSION = YES;
				GCC_WARN_ABOUT_RETURN_TYPE = YES_ERROR;
				GCC_WARN_UNDECLARED_SELECTOR = YES;
				GCC_WARN_UNINITIALIZED_AUTOS = YES_AGGRESSIVE;
				GCC_WARN_UNUSED_FUNCTION = YES;
				GCC_WARN_UNUSED_VARIABLE = YES;
				IPHONEOS_DEPLOYMENT_TARGET = 10.3;
				MTL_ENABLE_DEBUG_INFO = YES;
				ONLY_ACTIVE_ARCH = YES;
				SDKROOT = iphoneos;
				SWIFT_ACTIVE_COMPILATION_CONDITIONS = DEBUG;
				SWIFT_OPTIMIZATION_LEVEL = "-Onone";
			};
			name = Debug;
		};
		BF5060E61EE81B9E00DB646F /* Release */ = {
			isa = XCBuildConfiguration;
			buildSettings = {
				ALWAYS_SEARCH_USER_PATHS = NO;
				CLANG_ANALYZER_NONNULL = YES;
				CLANG_ANALYZER_NUMBER_OBJECT_CONVERSION = YES_AGGRESSIVE;
				CLANG_CXX_LANGUAGE_STANDARD = "gnu++0x";
				CLANG_CXX_LIBRARY = "libc++";
				CLANG_ENABLE_MODULES = YES;
				CLANG_ENABLE_OBJC_ARC = YES;
				CLANG_WARN_BOOL_CONVERSION = YES;
				CLANG_WARN_CONSTANT_CONVERSION = YES;
				CLANG_WARN_DIRECT_OBJC_ISA_USAGE = YES_ERROR;
				CLANG_WARN_DOCUMENTATION_COMMENTS = YES;
				CLANG_WARN_EMPTY_BODY = YES;
				CLANG_WARN_ENUM_CONVERSION = YES;
				CLANG_WARN_INFINITE_RECURSION = YES;
				CLANG_WARN_INT_CONVERSION = YES;
				CLANG_WARN_OBJC_ROOT_CLASS = YES_ERROR;
				CLANG_WARN_SUSPICIOUS_MOVE = YES;
				CLANG_WARN_UNREACHABLE_CODE = YES;
				CLANG_WARN__DUPLICATE_METHOD_MATCH = YES;
				"CODE_SIGN_IDENTITY[sdk=iphoneos*]" = "iPhone Developer";
				COPY_PHASE_STRIP = NO;
				DEBUG_INFORMATION_FORMAT = "dwarf-with-dsym";
				ENABLE_NS_ASSERTIONS = NO;
				ENABLE_STRICT_OBJC_MSGSEND = YES;
				GCC_C_LANGUAGE_STANDARD = gnu99;
				GCC_NO_COMMON_BLOCKS = YES;
				GCC_WARN_64_TO_32_BIT_CONVERSION = YES;
				GCC_WARN_ABOUT_RETURN_TYPE = YES_ERROR;
				GCC_WARN_UNDECLARED_SELECTOR = YES;
				GCC_WARN_UNINITIALIZED_AUTOS = YES_AGGRESSIVE;
				GCC_WARN_UNUSED_FUNCTION = YES;
				GCC_WARN_UNUSED_VARIABLE = YES;
				IPHONEOS_DEPLOYMENT_TARGET = 10.3;
				MTL_ENABLE_DEBUG_INFO = NO;
				SDKROOT = iphoneos;
				SWIFT_OPTIMIZATION_LEVEL = "-Owholemodule";
				VALIDATE_PRODUCT = YES;
			};
			name = Release;
		};
		BF5060E81EE81B9E00DB646F /* Debug */ = {
			isa = XCBuildConfiguration;
			baseConfigurationReference = 18DBCC50E7C94C5D9FACFC74 /* Pods-mammafoodie.debug.xcconfig */;
			buildSettings = {
				ASSETCATALOG_COMPILER_APPICON_NAME = AppIcon;
				DEVELOPMENT_TEAM = "";
				INFOPLIST_FILE = mammafoodie/Info.plist;
				LD_RUNPATH_SEARCH_PATHS = "$(inherited) @executable_path/Frameworks";
				PRODUCT_BUNDLE_IDENTIFIER = com.mammafoodie;
				PRODUCT_NAME = "$(TARGET_NAME)";
				SWIFT_VERSION = 3.0;
			};
			name = Debug;
		};
		BF5060E91EE81B9E00DB646F /* Release */ = {
			isa = XCBuildConfiguration;
			baseConfigurationReference = 17B2AC3540E7B1D3DC84F497 /* Pods-mammafoodie.release.xcconfig */;
			buildSettings = {
				ASSETCATALOG_COMPILER_APPICON_NAME = AppIcon;
				DEVELOPMENT_TEAM = "";
				INFOPLIST_FILE = mammafoodie/Info.plist;
				LD_RUNPATH_SEARCH_PATHS = "$(inherited) @executable_path/Frameworks";
				PRODUCT_BUNDLE_IDENTIFIER = com.mammafoodie;
				PRODUCT_NAME = "$(TARGET_NAME)";
				SWIFT_VERSION = 3.0;
			};
			name = Release;
		};
/* End XCBuildConfiguration section */

/* Begin XCConfigurationList section */
		BF5060D01EE81B9E00DB646F /* Build configuration list for PBXProject "mammafoodie" */ = {
			isa = XCConfigurationList;
			buildConfigurations = (
				BF5060E51EE81B9E00DB646F /* Debug */,
				BF5060E61EE81B9E00DB646F /* Release */,
			);
			defaultConfigurationIsVisible = 0;
			defaultConfigurationName = Release;
		};
		BF5060E71EE81B9E00DB646F /* Build configuration list for PBXNativeTarget "mammafoodie" */ = {
			isa = XCConfigurationList;
			buildConfigurations = (
				BF5060E81EE81B9E00DB646F /* Debug */,
				BF5060E91EE81B9E00DB646F /* Release */,
			);
			defaultConfigurationIsVisible = 0;
			defaultConfigurationName = Release;
		};
/* End XCConfigurationList section */
	};
	rootObject = BF5060CD1EE81B9E00DB646F /* Project object */;
}
